
Microsoft Visual Studio Solution File, Format Version 12.00
# Visual Studio Version 17
VisualStudioVersion = 17.8.34511.84
MinimumVisualStudioVersion = 10.0.40219.1
Project("{FAE04EC0-301F-11D3-BF4B-00C04F79EFBC}") = "MinimalAPIDemo", "MinimalAPIDemo\MinimalAPIDemo.csproj", "{0386E04A-678E-4367-A0A6-E6D4AA79FE3B}"
EndProject
Project("{00D1A9C2-B5F0-4AF3-8072-F6C62B433612}") = "UserDB", "UserDB\UserDB.sqlproj", "{4140BC44-BEEA-4BFC-BC37-F4E97E56625F}"
EndProject
Project("{FAE04EC0-301F-11D3-BF4B-00C04F79EFBC}") = "DataAccess", "DataAccess\DataAccess.csproj", "{63D5D375-006F-4B38-9AEA-C481299E38CE}"
EndProject
Global
	GlobalSection(SolutionConfigurationPlatforms) = preSolution
		Debug|Any CPU = Debug|Any CPU
		Release|Any CPU = Release|Any CPU
	EndGlobalSection
	GlobalSection(ProjectConfigurationPlatforms) = postSolution
		{0386E04A-678E-4367-A0A6-E6D4AA79FE3B}.Debug|Any CPU.ActiveCfg = Debug|Any CPU
		{0386E04A-678E-4367-A0A6-E6D4AA79FE3B}.Debug|Any CPU.Build.0 = Debug|Any CPU
		{0386E04A-678E-4367-A0A6-E6D4AA79FE3B}.Release|Any CPU.ActiveCfg = Release|Any CPU
		{0386E04A-678E-4367-A0A6-E6D4AA79FE3B}.Release|Any CPU.Build.0 = Release|Any CPU
		{4140BC44-BEEA-4BFC-BC37-F4E97E56625F}.Debug|Any CPU.ActiveCfg = Debug|Any CPU
		{4140BC44-BEEA-4BFC-BC37-F4E97E56625F}.Debug|Any CPU.Build.0 = Debug|Any CPU
		{4140BC44-BEEA-4BFC-BC37-F4E97E56625F}.Debug|Any CPU.Deploy.0 = Debug|Any CPU
		{4140BC44-BEEA-4BFC-BC37-F4E97E56625F}.Release|Any CPU.ActiveCfg = Release|Any CPU
		{4140BC44-BEEA-4BFC-BC37-F4E97E56625F}.Release|Any CPU.Build.0 = Release|Any CPU
		{4140BC44-BEEA-4BFC-BC37-F4E97E56625F}.Release|Any CPU.Deploy.0 = Release|Any CPU
		{63D5D375-006F-4B38-9AEA-C481299E38CE}.Debug|Any CPU.ActiveCfg = Debug|Any CPU
		{63D5D375-006F-4B38-9AEA-C481299E38CE}.Debug|Any CPU.Build.0 = Debug|Any CPU
		{63D5D375-006F-4B38-9AEA-C481299E38CE}.Release|Any CPU.ActiveCfg = Release|Any CPU
		{63D5D375-006F-4B38-9AEA-C481299E38CE}.Release|Any CPU.Build.0 = Release|Any CPU
	EndGlobalSection
	GlobalSection(SolutionProperties) = preSolution
		HideSolutionNode = FALSE
	EndGlobalSection
	GlobalSection(ExtensibilityGlobals) = postSolution
		SolutionGuid = {BE9BE18A-15EB-41BF-BCA7-27269B491AA3}
	EndGlobalSection
EndGlobal
